// !$*UTF8*$!
{
	archiveVersion = 1;
	classes = {
	};
	objectVersion = 46;
	objects = {

/* Begin PBXBuildFile section */
		97E4C5421E5322A400AE4D8B /* CWPostit.swift in Sources */ = {isa = PBXBuildFile; fileRef = 97E4C53E1E5322A400AE4D8B /* CWPostit.swift */; };
		97E4C5431E5322A400AE4D8B /* CWBlock.swift in Sources */ = {isa = PBXBuildFile; fileRef = 97E4C53F1E5322A400AE4D8B /* CWBlock.swift */; };
		97E4C5441E5322A400AE4D8B /* CWBusinessModelCanvas.swift in Sources */ = {isa = PBXBuildFile; fileRef = 97E4C5401E5322A400AE4D8B /* CWBusinessModelCanvas.swift */; };
		97E4C5451E5322A400AE4D8B /* CloudkitHelper.swift in Sources */ = {isa = PBXBuildFile; fileRef = 97E4C5411E5322A400AE4D8B /* CloudkitHelper.swift */; };
		C5A0C2091E53255A00EC2FF3 /* PostitCell.swift in Sources */ = {isa = PBXBuildFile; fileRef = C5A0C2081E53255A00EC2FF3 /* PostitCell.swift */; };
		C5AA3A111E55CF4600DBF653 /* PostitView.xib in Resources */ = {isa = PBXBuildFile; fileRef = C5AA3A101E55CF4600DBF653 /* PostitView.xib */; };
		C5AA3A131E55CFBA00DBF653 /* PostitView.swift in Sources */ = {isa = PBXBuildFile; fileRef = C5AA3A121E55CFBA00DBF653 /* PostitView.swift */; };
		C5D80C8C1E54785D008FFE23 /* PostitCell.xib in Resources */ = {isa = PBXBuildFile; fileRef = C5D80C8B1E54785D008FFE23 /* PostitCell.xib */; };
		C5D80C951E5490EF008FFE23 /* ButtonCell.swift in Sources */ = {isa = PBXBuildFile; fileRef = C5D80C931E5490EF008FFE23 /* ButtonCell.swift */; };
		C5D80C961E5490EF008FFE23 /* ButtonCell.xib in Resources */ = {isa = PBXBuildFile; fileRef = C5D80C941E5490EF008FFE23 /* ButtonCell.xib */; };
		C5ED5EB51E44AE4200577F08 /* AppDelegate.swift in Sources */ = {isa = PBXBuildFile; fileRef = C5ED5EB41E44AE4200577F08 /* AppDelegate.swift */; };
		C5ED5EB71E44AE4200577F08 /* ViewController.swift in Sources */ = {isa = PBXBuildFile; fileRef = C5ED5EB61E44AE4200577F08 /* ViewController.swift */; };
		C5ED5EBA1E44AE4200577F08 /* BepidModelCanvas.xcdatamodeld in Sources */ = {isa = PBXBuildFile; fileRef = C5ED5EB81E44AE4200577F08 /* BepidModelCanvas.xcdatamodeld */; };
		C5ED5EBD1E44AE4200577F08 /* Main.storyboard in Resources */ = {isa = PBXBuildFile; fileRef = C5ED5EBB1E44AE4200577F08 /* Main.storyboard */; };
		C5ED5EBF1E44AE4200577F08 /* Assets.xcassets in Resources */ = {isa = PBXBuildFile; fileRef = C5ED5EBE1E44AE4200577F08 /* Assets.xcassets */; };
		C5ED5ECA1E44AE4300577F08 /* BepidModelCanvasTests.swift in Sources */ = {isa = PBXBuildFile; fileRef = C5ED5EC91E44AE4300577F08 /* BepidModelCanvasTests.swift */; };
		C5ED5ED51E44AE4300577F08 /* BepidModelCanvasUITests.swift in Sources */ = {isa = PBXBuildFile; fileRef = C5ED5ED41E44AE4300577F08 /* BepidModelCanvasUITests.swift */; };
/* End PBXBuildFile section */

/* Begin PBXContainerItemProxy section */
		C5ED5EC61E44AE4300577F08 /* PBXContainerItemProxy */ = {
			isa = PBXContainerItemProxy;
			containerPortal = C5ED5EA91E44AE4200577F08 /* Project object */;
			proxyType = 1;
			remoteGlobalIDString = C5ED5EB01E44AE4200577F08;
			remoteInfo = BepidModelCanvas;
		};
		C5ED5ED11E44AE4300577F08 /* PBXContainerItemProxy */ = {
			isa = PBXContainerItemProxy;
			containerPortal = C5ED5EA91E44AE4200577F08 /* Project object */;
			proxyType = 1;
			remoteGlobalIDString = C5ED5EB01E44AE4200577F08;
			remoteInfo = BepidModelCanvas;
		};
/* End PBXContainerItemProxy section */

/* Begin PBXFileReference section */
		97E4C53E1E5322A400AE4D8B /* CWPostit.swift */ = {isa = PBXFileReference; fileEncoding = 4; lastKnownFileType = sourcecode.swift; path = CWPostit.swift; sourceTree = "<group>"; };
		97E4C53F1E5322A400AE4D8B /* CWBlock.swift */ = {isa = PBXFileReference; fileEncoding = 4; lastKnownFileType = sourcecode.swift; path = CWBlock.swift; sourceTree = "<group>"; };
		97E4C5401E5322A400AE4D8B /* CWBusinessModelCanvas.swift */ = {isa = PBXFileReference; fileEncoding = 4; lastKnownFileType = sourcecode.swift; path = CWBusinessModelCanvas.swift; sourceTree = "<group>"; };
		97E4C5411E5322A400AE4D8B /* CloudkitHelper.swift */ = {isa = PBXFileReference; fileEncoding = 4; lastKnownFileType = sourcecode.swift; path = CloudkitHelper.swift; sourceTree = "<group>"; };
		C5A0C2081E53255A00EC2FF3 /* PostitCell.swift */ = {isa = PBXFileReference; fileEncoding = 4; lastKnownFileType = sourcecode.swift; path = PostitCell.swift; sourceTree = "<group>"; };
		C5AA3A101E55CF4600DBF653 /* PostitView.xib */ = {isa = PBXFileReference; fileEncoding = 4; lastKnownFileType = file.xib; path = PostitView.xib; sourceTree = "<group>"; };
		C5AA3A121E55CFBA00DBF653 /* PostitView.swift */ = {isa = PBXFileReference; fileEncoding = 4; lastKnownFileType = sourcecode.swift; path = PostitView.swift; sourceTree = "<group>"; };
		C5D80C8B1E54785D008FFE23 /* PostitCell.xib */ = {isa = PBXFileReference; fileEncoding = 4; lastKnownFileType = file.xib; path = PostitCell.xib; sourceTree = "<group>"; };
		C5D80C931E5490EF008FFE23 /* ButtonCell.swift */ = {isa = PBXFileReference; fileEncoding = 4; lastKnownFileType = sourcecode.swift; path = ButtonCell.swift; sourceTree = "<group>"; };
		C5D80C941E5490EF008FFE23 /* ButtonCell.xib */ = {isa = PBXFileReference; fileEncoding = 4; lastKnownFileType = file.xib; path = ButtonCell.xib; sourceTree = "<group>"; };
		C5ED5EB11E44AE4200577F08 /* BepidModelCanvas.app */ = {isa = PBXFileReference; explicitFileType = wrapper.application; includeInIndex = 0; path = BepidModelCanvas.app; sourceTree = BUILT_PRODUCTS_DIR; };
		C5ED5EB41E44AE4200577F08 /* AppDelegate.swift */ = {isa = PBXFileReference; lastKnownFileType = sourcecode.swift; path = AppDelegate.swift; sourceTree = "<group>"; };
		C5ED5EB61E44AE4200577F08 /* ViewController.swift */ = {isa = PBXFileReference; lastKnownFileType = sourcecode.swift; path = ViewController.swift; sourceTree = "<group>"; };
		C5ED5EB91E44AE4200577F08 /* BepidModelCanvas.xcdatamodel */ = {isa = PBXFileReference; lastKnownFileType = wrapper.xcdatamodel; path = BepidModelCanvas.xcdatamodel; sourceTree = "<group>"; };
		C5ED5EBC1E44AE4200577F08 /* Base */ = {isa = PBXFileReference; lastKnownFileType = file.storyboard; name = Base; path = Base.lproj/Main.storyboard; sourceTree = "<group>"; };
		C5ED5EBE1E44AE4200577F08 /* Assets.xcassets */ = {isa = PBXFileReference; lastKnownFileType = folder.assetcatalog; path = Assets.xcassets; sourceTree = "<group>"; };
		C5ED5EC01E44AE4200577F08 /* Info.plist */ = {isa = PBXFileReference; lastKnownFileType = text.plist.xml; path = Info.plist; sourceTree = "<group>"; };
		C5ED5EC51E44AE4300577F08 /* BepidModelCanvasTests.xctest */ = {isa = PBXFileReference; explicitFileType = wrapper.cfbundle; includeInIndex = 0; path = BepidModelCanvasTests.xctest; sourceTree = BUILT_PRODUCTS_DIR; };
		C5ED5EC91E44AE4300577F08 /* BepidModelCanvasTests.swift */ = {isa = PBXFileReference; lastKnownFileType = sourcecode.swift; path = BepidModelCanvasTests.swift; sourceTree = "<group>"; };
		C5ED5ECB1E44AE4300577F08 /* Info.plist */ = {isa = PBXFileReference; lastKnownFileType = text.plist.xml; path = Info.plist; sourceTree = "<group>"; };
		C5ED5ED01E44AE4300577F08 /* BepidModelCanvasUITests.xctest */ = {isa = PBXFileReference; explicitFileType = wrapper.cfbundle; includeInIndex = 0; path = BepidModelCanvasUITests.xctest; sourceTree = BUILT_PRODUCTS_DIR; };
		C5ED5ED41E44AE4300577F08 /* BepidModelCanvasUITests.swift */ = {isa = PBXFileReference; lastKnownFileType = sourcecode.swift; path = BepidModelCanvasUITests.swift; sourceTree = "<group>"; };
		C5ED5ED61E44AE4300577F08 /* Info.plist */ = {isa = PBXFileReference; lastKnownFileType = text.plist.xml; path = Info.plist; sourceTree = "<group>"; };
/* End PBXFileReference section */

/* Begin PBXFrameworksBuildPhase section */
		C5ED5EAE1E44AE4200577F08 /* Frameworks */ = {
			isa = PBXFrameworksBuildPhase;
			buildActionMask = 2147483647;
			files = (
			);
			runOnlyForDeploymentPostprocessing = 0;
		};
		C5ED5EC21E44AE4300577F08 /* Frameworks */ = {
			isa = PBXFrameworksBuildPhase;
			buildActionMask = 2147483647;
			files = (
			);
			runOnlyForDeploymentPostprocessing = 0;
		};
		C5ED5ECD1E44AE4300577F08 /* Frameworks */ = {
			isa = PBXFrameworksBuildPhase;
			buildActionMask = 2147483647;
			files = (
			);
			runOnlyForDeploymentPostprocessing = 0;
		};
/* End PBXFrameworksBuildPhase section */

/* Begin PBXGroup section */
		97E4C53D1E53226300AE4D8B /* Model */ = {
			isa = PBXGroup;
			children = (
				97E4C53E1E5322A400AE4D8B /* CWPostit.swift */,
				97E4C53F1E5322A400AE4D8B /* CWBlock.swift */,
				97E4C5401E5322A400AE4D8B /* CWBusinessModelCanvas.swift */,
				97E4C5411E5322A400AE4D8B /* CloudkitHelper.swift */,
			);
			name = Model;
			sourceTree = "<group>";
		};
		C5A0C20B1E534B3D00EC2FF3 /* Views */ = {
			isa = PBXGroup;
			children = (
				C5A0C2081E53255A00EC2FF3 /* PostitCell.swift */,
				C5D80C8B1E54785D008FFE23 /* PostitCell.xib */,
				C5D80C931E5490EF008FFE23 /* ButtonCell.swift */,
				C5D80C941E5490EF008FFE23 /* ButtonCell.xib */,
				C5AA3A121E55CFBA00DBF653 /* PostitView.swift */,
				C5AA3A101E55CF4600DBF653 /* PostitView.xib */,
			);
			name = Views;
			sourceTree = "<group>";
		};
		C5ED5EA81E44AE4200577F08 = {
			isa = PBXGroup;
			children = (
				C5ED5EB31E44AE4200577F08 /* BepidModelCanvas */,
				C5ED5EC81E44AE4300577F08 /* BepidModelCanvasTests */,
				C5ED5ED31E44AE4300577F08 /* BepidModelCanvasUITests */,
				C5ED5EB21E44AE4200577F08 /* Products */,
			);
			sourceTree = "<group>";
		};
		C5ED5EB21E44AE4200577F08 /* Products */ = {
			isa = PBXGroup;
			children = (
				C5ED5EB11E44AE4200577F08 /* BepidModelCanvas.app */,
				C5ED5EC51E44AE4300577F08 /* BepidModelCanvasTests.xctest */,
				C5ED5ED01E44AE4300577F08 /* BepidModelCanvasUITests.xctest */,
			);
			name = Products;
			sourceTree = "<group>";
		};
		C5ED5EB31E44AE4200577F08 /* BepidModelCanvas */ = {
			isa = PBXGroup;
			children = (
				97E4C53D1E53226300AE4D8B /* Model */,
				C5A0C20B1E534B3D00EC2FF3 /* Views */,
				C5ED5EB41E44AE4200577F08 /* AppDelegate.swift */,
				C5ED5EB61E44AE4200577F08 /* ViewController.swift */,
				C5ED5EBB1E44AE4200577F08 /* Main.storyboard */,
				C5ED5EBE1E44AE4200577F08 /* Assets.xcassets */,
				C5ED5EC01E44AE4200577F08 /* Info.plist */,
				C5ED5EB81E44AE4200577F08 /* BepidModelCanvas.xcdatamodeld */,
			);
			path = BepidModelCanvas;
			sourceTree = "<group>";
		};
		C5ED5EC81E44AE4300577F08 /* BepidModelCanvasTests */ = {
			isa = PBXGroup;
			children = (
				C5ED5EC91E44AE4300577F08 /* BepidModelCanvasTests.swift */,
				C5ED5ECB1E44AE4300577F08 /* Info.plist */,
			);
			path = BepidModelCanvasTests;
			sourceTree = "<group>";
		};
		C5ED5ED31E44AE4300577F08 /* BepidModelCanvasUITests */ = {
			isa = PBXGroup;
			children = (
				C5ED5ED41E44AE4300577F08 /* BepidModelCanvasUITests.swift */,
				C5ED5ED61E44AE4300577F08 /* Info.plist */,
			);
			path = BepidModelCanvasUITests;
			sourceTree = "<group>";
		};
/* End PBXGroup section */

/* Begin PBXNativeTarget section */
		C5ED5EB01E44AE4200577F08 /* BepidModelCanvas */ = {
			isa = PBXNativeTarget;
			buildConfigurationList = C5ED5ED91E44AE4300577F08 /* Build configuration list for PBXNativeTarget "BepidModelCanvas" */;
			buildPhases = (
				C5ED5EAD1E44AE4200577F08 /* Sources */,
				C5ED5EAE1E44AE4200577F08 /* Frameworks */,
				C5ED5EAF1E44AE4200577F08 /* Resources */,
			);
			buildRules = (
			);
			dependencies = (
			);
			name = BepidModelCanvas;
			productName = BepidModelCanvas;
			productReference = C5ED5EB11E44AE4200577F08 /* BepidModelCanvas.app */;
			productType = "com.apple.product-type.application";
		};
		C5ED5EC41E44AE4300577F08 /* BepidModelCanvasTests */ = {
			isa = PBXNativeTarget;
			buildConfigurationList = C5ED5EDC1E44AE4300577F08 /* Build configuration list for PBXNativeTarget "BepidModelCanvasTests" */;
			buildPhases = (
				C5ED5EC11E44AE4300577F08 /* Sources */,
				C5ED5EC21E44AE4300577F08 /* Frameworks */,
				C5ED5EC31E44AE4300577F08 /* Resources */,
			);
			buildRules = (
			);
			dependencies = (
				C5ED5EC71E44AE4300577F08 /* PBXTargetDependency */,
			);
			name = BepidModelCanvasTests;
			productName = BepidModelCanvasTests;
			productReference = C5ED5EC51E44AE4300577F08 /* BepidModelCanvasTests.xctest */;
			productType = "com.apple.product-type.bundle.unit-test";
		};
		C5ED5ECF1E44AE4300577F08 /* BepidModelCanvasUITests */ = {
			isa = PBXNativeTarget;
			buildConfigurationList = C5ED5EDF1E44AE4300577F08 /* Build configuration list for PBXNativeTarget "BepidModelCanvasUITests" */;
			buildPhases = (
				C5ED5ECC1E44AE4300577F08 /* Sources */,
				C5ED5ECD1E44AE4300577F08 /* Frameworks */,
				C5ED5ECE1E44AE4300577F08 /* Resources */,
			);
			buildRules = (
			);
			dependencies = (
				C5ED5ED21E44AE4300577F08 /* PBXTargetDependency */,
			);
			name = BepidModelCanvasUITests;
			productName = BepidModelCanvasUITests;
			productReference = C5ED5ED01E44AE4300577F08 /* BepidModelCanvasUITests.xctest */;
			productType = "com.apple.product-type.bundle.ui-testing";
		};
/* End PBXNativeTarget section */

/* Begin PBXProject section */
		C5ED5EA91E44AE4200577F08 /* Project object */ = {
			isa = PBXProject;
			attributes = {
				LastSwiftUpdateCheck = 0820;
				LastUpgradeCheck = 0820;
				ORGANIZATIONNAME = BepidCanvas;
				TargetAttributes = {
					C5ED5EB01E44AE4200577F08 = {
						CreatedOnToolsVersion = 8.2.1;
						ProvisioningStyle = Automatic;
					};
					C5ED5EC41E44AE4300577F08 = {
						CreatedOnToolsVersion = 8.2.1;
						ProvisioningStyle = Automatic;
						TestTargetID = C5ED5EB01E44AE4200577F08;
					};
					C5ED5ECF1E44AE4300577F08 = {
						CreatedOnToolsVersion = 8.2.1;
						ProvisioningStyle = Automatic;
						TestTargetID = C5ED5EB01E44AE4200577F08;
					};
				};
			};
			buildConfigurationList = C5ED5EAC1E44AE4200577F08 /* Build configuration list for PBXProject "BepidModelCanvas" */;
			compatibilityVersion = "Xcode 3.2";
			developmentRegion = English;
			hasScannedForEncodings = 0;
			knownRegions = (
				en,
				Base,
			);
			mainGroup = C5ED5EA81E44AE4200577F08;
			productRefGroup = C5ED5EB21E44AE4200577F08 /* Products */;
			projectDirPath = "";
			projectRoot = "";
			targets = (
				C5ED5EB01E44AE4200577F08 /* BepidModelCanvas */,
				C5ED5EC41E44AE4300577F08 /* BepidModelCanvasTests */,
				C5ED5ECF1E44AE4300577F08 /* BepidModelCanvasUITests */,
			);
		};
/* End PBXProject section */

/* Begin PBXResourcesBuildPhase section */
		C5ED5EAF1E44AE4200577F08 /* Resources */ = {
			isa = PBXResourcesBuildPhase;
			buildActionMask = 2147483647;
			files = (
				C5AA3A111E55CF4600DBF653 /* PostitView.xib in Resources */,
				C5ED5EBF1E44AE4200577F08 /* Assets.xcassets in Resources */,
				C5ED5EBD1E44AE4200577F08 /* Main.storyboard in Resources */,
				C5D80C8C1E54785D008FFE23 /* PostitCell.xib in Resources */,
				C5D80C961E5490EF008FFE23 /* ButtonCell.xib in Resources */,
			);
			runOnlyForDeploymentPostprocessing = 0;
		};
		C5ED5EC31E44AE4300577F08 /* Resources */ = {
			isa = PBXResourcesBuildPhase;
			buildActionMask = 2147483647;
			files = (
			);
			runOnlyForDeploymentPostprocessing = 0;
		};
		C5ED5ECE1E44AE4300577F08 /* Resources */ = {
			isa = PBXResourcesBuildPhase;
			buildActionMask = 2147483647;
			files = (
			);
			runOnlyForDeploymentPostprocessing = 0;
		};
/* End PBXResourcesBuildPhase section */

/* Begin PBXSourcesBuildPhase section */
		C5ED5EAD1E44AE4200577F08 /* Sources */ = {
			isa = PBXSourcesBuildPhase;
			buildActionMask = 2147483647;
			files = (
				C5ED5EB71E44AE4200577F08 /* ViewController.swift in Sources */,
				C5AA3A131E55CFBA00DBF653 /* PostitView.swift in Sources */,
				97E4C5431E5322A400AE4D8B /* CWBlock.swift in Sources */,
				C5D80C951E5490EF008FFE23 /* ButtonCell.swift in Sources */,
				C5ED5EBA1E44AE4200577F08 /* BepidModelCanvas.xcdatamodeld in Sources */,
				97E4C5441E5322A400AE4D8B /* CWBusinessModelCanvas.swift in Sources */,
				97E4C5421E5322A400AE4D8B /* CWPostit.swift in Sources */,
				97E4C5451E5322A400AE4D8B /* CloudkitHelper.swift in Sources */,
				C5A0C2091E53255A00EC2FF3 /* PostitCell.swift in Sources */,
				C5ED5EB51E44AE4200577F08 /* AppDelegate.swift in Sources */,
			);
			runOnlyForDeploymentPostprocessing = 0;
		};
		C5ED5EC11E44AE4300577F08 /* Sources */ = {
			isa = PBXSourcesBuildPhase;
			buildActionMask = 2147483647;
			files = (
				C5ED5ECA1E44AE4300577F08 /* BepidModelCanvasTests.swift in Sources */,
			);
			runOnlyForDeploymentPostprocessing = 0;
		};
		C5ED5ECC1E44AE4300577F08 /* Sources */ = {
			isa = PBXSourcesBuildPhase;
			buildActionMask = 2147483647;
			files = (
				C5ED5ED51E44AE4300577F08 /* BepidModelCanvasUITests.swift in Sources */,
			);
			runOnlyForDeploymentPostprocessing = 0;
		};
/* End PBXSourcesBuildPhase section */

/* Begin PBXTargetDependency section */
		C5ED5EC71E44AE4300577F08 /* PBXTargetDependency */ = {
			isa = PBXTargetDependency;
			target = C5ED5EB01E44AE4200577F08 /* BepidModelCanvas */;
			targetProxy = C5ED5EC61E44AE4300577F08 /* PBXContainerItemProxy */;
		};
		C5ED5ED21E44AE4300577F08 /* PBXTargetDependency */ = {
			isa = PBXTargetDependency;
			target = C5ED5EB01E44AE4200577F08 /* BepidModelCanvas */;
			targetProxy = C5ED5ED11E44AE4300577F08 /* PBXContainerItemProxy */;
		};
/* End PBXTargetDependency section */

/* Begin PBXVariantGroup section */
		C5ED5EBB1E44AE4200577F08 /* Main.storyboard */ = {
			isa = PBXVariantGroup;
			children = (
				C5ED5EBC1E44AE4200577F08 /* Base */,
			);
			name = Main.storyboard;
			sourceTree = "<group>";
		};
/* End PBXVariantGroup section */

/* Begin XCBuildConfiguration section */
		C5ED5ED71E44AE4300577F08 /* Debug */ = {
			isa = XCBuildConfiguration;
			buildSettings = {
				ALWAYS_SEARCH_USER_PATHS = NO;
				CLANG_ANALYZER_NONNULL = YES;
				CLANG_CXX_LANGUAGE_STANDARD = "gnu++0x";
				CLANG_CXX_LIBRARY = "libc++";
				CLANG_ENABLE_MODULES = YES;
				CLANG_ENABLE_OBJC_ARC = YES;
				CLANG_WARN_BOOL_CONVERSION = YES;
				CLANG_WARN_CONSTANT_CONVERSION = YES;
				CLANG_WARN_DIRECT_OBJC_ISA_USAGE = YES_ERROR;
				CLANG_WARN_DOCUMENTATION_COMMENTS = YES;
				CLANG_WARN_EMPTY_BODY = YES;
				CLANG_WARN_ENUM_CONVERSION = YES;
				CLANG_WARN_INFINITE_RECURSION = YES;
				CLANG_WARN_INT_CONVERSION = YES;
				CLANG_WARN_OBJC_ROOT_CLASS = YES_ERROR;
				CLANG_WARN_SUSPICIOUS_MOVE = YES;
				CLANG_WARN_UNREACHABLE_CODE = YES;
				CLANG_WARN__DUPLICATE_METHOD_MATCH = YES;
				COPY_PHASE_STRIP = NO;
				DEBUG_INFORMATION_FORMAT = dwarf;
				ENABLE_STRICT_OBJC_MSGSEND = YES;
				ENABLE_TESTABILITY = YES;
				GCC_C_LANGUAGE_STANDARD = gnu99;
				GCC_DYNAMIC_NO_PIC = NO;
				GCC_NO_COMMON_BLOCKS = YES;
				GCC_OPTIMIZATION_LEVEL = 0;
				GCC_PREPROCESSOR_DEFINITIONS = (
					"DEBUG=1",
					"$(inherited)",
				);
				GCC_WARN_64_TO_32_BIT_CONVERSION = YES;
				GCC_WARN_ABOUT_RETURN_TYPE = YES_ERROR;
				GCC_WARN_UNDECLARED_SELECTOR = YES;
				GCC_WARN_UNINITIALIZED_AUTOS = YES_AGGRESSIVE;
				GCC_WARN_UNUSED_FUNCTION = YES;
				GCC_WARN_UNUSED_VARIABLE = YES;
				MTL_ENABLE_DEBUG_INFO = YES;
				ONLY_ACTIVE_ARCH = YES;
				SDKROOT = appletvos;
				SWIFT_ACTIVE_COMPILATION_CONDITIONS = DEBUG;
				SWIFT_OPTIMIZATION_LEVEL = "-Onone";
				TARGETED_DEVICE_FAMILY = 3;
				TVOS_DEPLOYMENT_TARGET = 10.1;
			};
			name = Debug;
		};
		C5ED5ED81E44AE4300577F08 /* Release */ = {
			isa = XCBuildConfiguration;
			buildSettings = {
				ALWAYS_SEARCH_USER_PATHS = NO;
				CLANG_ANALYZER_NONNULL = YES;
				CLANG_CXX_LANGUAGE_STANDARD = "gnu++0x";
				CLANG_CXX_LIBRARY = "libc++";
				CLANG_ENABLE_MODULES = YES;
				CLANG_ENABLE_OBJC_ARC = YES;
				CLANG_WARN_BOOL_CONVERSION = YES;
				CLANG_WARN_CONSTANT_CONVERSION = YES;
				CLANG_WARN_DIRECT_OBJC_ISA_USAGE = YES_ERROR;
				CLANG_WARN_DOCUMENTATION_COMMENTS = YES;
				CLANG_WARN_EMPTY_BODY = YES;
				CLANG_WARN_ENUM_CONVERSION = YES;
				CLANG_WARN_INFINITE_RECURSION = YES;
				CLANG_WARN_INT_CONVERSION = YES;
				CLANG_WARN_OBJC_ROOT_CLASS = YES_ERROR;
				CLANG_WARN_SUSPICIOUS_MOVE = YES;
				CLANG_WARN_UNREACHABLE_CODE = YES;
				CLANG_WARN__DUPLICATE_METHOD_MATCH = YES;
				COPY_PHASE_STRIP = NO;
				DEBUG_INFORMATION_FORMAT = "dwarf-with-dsym";
				ENABLE_NS_ASSERTIONS = NO;
				ENABLE_STRICT_OBJC_MSGSEND = YES;
				GCC_C_LANGUAGE_STANDARD = gnu99;
				GCC_NO_COMMON_BLOCKS = YES;
				GCC_WARN_64_TO_32_BIT_CONVERSION = YES;
				GCC_WARN_ABOUT_RETURN_TYPE = YES_ERROR;
				GCC_WARN_UNDECLARED_SELECTOR = YES;
				GCC_WARN_UNINITIALIZED_AUTOS = YES_AGGRESSIVE;
				GCC_WARN_UNUSED_FUNCTION = YES;
				GCC_WARN_UNUSED_VARIABLE = YES;
				MTL_ENABLE_DEBUG_INFO = NO;
				SDKROOT = appletvos;
				SWIFT_OPTIMIZATION_LEVEL = "-Owholemodule";
				TARGETED_DEVICE_FAMILY = 3;
				TVOS_DEPLOYMENT_TARGET = 10.1;
				VALIDATE_PRODUCT = YES;
			};
			name = Release;
		};
		C5ED5EDA1E44AE4300577F08 /* Debug */ = {
			isa = XCBuildConfiguration;
			buildSettings = {
				ASSETCATALOG_COMPILER_APPICON_NAME = "App Icon & Top Shelf Image";
				ASSETCATALOG_COMPILER_LAUNCHIMAGE_NAME = LaunchImage;
				INFOPLIST_FILE = BepidModelCanvas/Info.plist;
				LD_RUNPATH_SEARCH_PATHS = "$(inherited) @executable_path/Frameworks";
				PRODUCT_BUNDLE_IDENTIFIER = com.bepidcanvas.BepidModelCanvas;
				PRODUCT_NAME = "$(TARGET_NAME)";
				SWIFT_VERSION = 3.0;
			};
			name = Debug;
		};
		C5ED5EDB1E44AE4300577F08 /* Release */ = {
			isa = XCBuildConfiguration;
			buildSettings = {
				ASSETCATALOG_COMPILER_APPICON_NAME = "App Icon & Top Shelf Image";
				ASSETCATALOG_COMPILER_LAUNCHIMAGE_NAME = LaunchImage;
				INFOPLIST_FILE = BepidModelCanvas/Info.plist;
				LD_RUNPATH_SEARCH_PATHS = "$(inherited) @executable_path/Frameworks";
				PRODUCT_BUNDLE_IDENTIFIER = com.bepidcanvas.BepidModelCanvas;
				PRODUCT_NAME = "$(TARGET_NAME)";
				SWIFT_VERSION = 3.0;
			};
			name = Release;
		};
		C5ED5EDD1E44AE4300577F08 /* Debug */ = {
			isa = XCBuildConfiguration;
			buildSettings = {
				ALWAYS_EMBED_SWIFT_STANDARD_LIBRARIES = YES;
				BUNDLE_LOADER = "$(TEST_HOST)";
				INFOPLIST_FILE = BepidModelCanvasTests/Info.plist;
				LD_RUNPATH_SEARCH_PATHS = "$(inherited) @executable_path/Frameworks @loader_path/Frameworks";
				PRODUCT_BUNDLE_IDENTIFIER = com.bepidcanvas.BepidModelCanvasTests;
				PRODUCT_NAME = "$(TARGET_NAME)";
				SWIFT_VERSION = 3.0;
				TEST_HOST = "$(BUILT_PRODUCTS_DIR)/BepidModelCanvas.app/BepidModelCanvas";
			};
			name = Debug;
		};
		C5ED5EDE1E44AE4300577F08 /* Release */ = {
			isa = XCBuildConfiguration;
			buildSettings = {
				ALWAYS_EMBED_SWIFT_STANDARD_LIBRARIES = YES;
				BUNDLE_LOADER = "$(TEST_HOST)";
				INFOPLIST_FILE = BepidModelCanvasTests/Info.plist;
				LD_RUNPATH_SEARCH_PATHS = "$(inherited) @executable_path/Frameworks @loader_path/Frameworks";
				PRODUCT_BUNDLE_IDENTIFIER = com.bepidcanvas.BepidModelCanvasTests;
				PRODUCT_NAME = "$(TARGET_NAME)";
				SWIFT_VERSION = 3.0;
				TEST_HOST = "$(BUILT_PRODUCTS_DIR)/BepidModelCanvas.app/BepidModelCanvas";
			};
			name = Release;
		};
		C5ED5EE01E44AE4300577F08 /* Debug */ = {
			isa = XCBuildConfiguration;
			buildSettings = {
				ALWAYS_EMBED_SWIFT_STANDARD_LIBRARIES = YES;
				INFOPLIST_FILE = BepidModelCanvasUITests/Info.plist;
				LD_RUNPATH_SEARCH_PATHS = "$(inherited) @executable_path/Frameworks @loader_path/Frameworks";
				PRODUCT_BUNDLE_IDENTIFIER = com.bepidcanvas.BepidModelCanvasUITests;
				PRODUCT_NAME = "$(TARGET_NAME)";
				SWIFT_VERSION = 3.0;
				TEST_TARGET_NAME = BepidModelCanvas;
			};
			name = Debug;
		};
		C5ED5EE11E44AE4300577F08 /* Release */ = {
			isa = XCBuildConfiguration;
			buildSettings = {
				ALWAYS_EMBED_SWIFT_STANDARD_LIBRARIES = YES;
				INFOPLIST_FILE = BepidModelCanvasUITests/Info.plist;
				LD_RUNPATH_SEARCH_PATHS = "$(inherited) @executable_path/Frameworks @loader_path/Frameworks";
				PRODUCT_BUNDLE_IDENTIFIER = com.bepidcanvas.BepidModelCanvasUITests;
				PRODUCT_NAME = "$(TARGET_NAME)";
				SWIFT_VERSION = 3.0;
				TEST_TARGET_NAME = BepidModelCanvas;
			};
			name = Release;
		};
/* End XCBuildConfiguration section */

/* Begin XCConfigurationList section */
		C5ED5EAC1E44AE4200577F08 /* Build configuration list for PBXProject "BepidModelCanvas" */ = {
			isa = XCConfigurationList;
			buildConfigurations = (
				C5ED5ED71E44AE4300577F08 /* Debug */,
				C5ED5ED81E44AE4300577F08 /* Release */,
			);
			defaultConfigurationIsVisible = 0;
			defaultConfigurationName = Release;
		};
		C5ED5ED91E44AE4300577F08 /* Build configuration list for PBXNativeTarget "BepidModelCanvas" */ = {
			isa = XCConfigurationList;
			buildConfigurations = (
				C5ED5EDA1E44AE4300577F08 /* Debug */,
				C5ED5EDB1E44AE4300577F08 /* Release */,
			);
			defaultConfigurationIsVisible = 0;
			defaultConfigurationName = Release;
		};
		C5ED5EDC1E44AE4300577F08 /* Build configuration list for PBXNativeTarget "BepidModelCanvasTests" */ = {
			isa = XCConfigurationList;
			buildConfigurations = (
				C5ED5EDD1E44AE4300577F08 /* Debug */,
				C5ED5EDE1E44AE4300577F08 /* Release */,
			);
			defaultConfigurationIsVisible = 0;
			defaultConfigurationName = Release;
		};
		C5ED5EDF1E44AE4300577F08 /* Build configuration list for PBXNativeTarget "BepidModelCanvasUITests" */ = {
			isa = XCConfigurationList;
			buildConfigurations = (
				C5ED5EE01E44AE4300577F08 /* Debug */,
				C5ED5EE11E44AE4300577F08 /* Release */,
			);
			defaultConfigurationIsVisible = 0;
			defaultConfigurationName = Release;
		};
/* End XCConfigurationList section */

/* Begin XCVersionGroup section */
		C5ED5EB81E44AE4200577F08 /* BepidModelCanvas.xcdatamodeld */ = {
			isa = XCVersionGroup;
			children = (
				C5ED5EB91E44AE4200577F08 /* BepidModelCanvas.xcdatamodel */,
			);
			currentVersion = C5ED5EB91E44AE4200577F08 /* BepidModelCanvas.xcdatamodel */;
			path = BepidModelCanvas.xcdatamodeld;
			sourceTree = "<group>";
			versionGroupType = wrapper.xcdatamodel;
		};
/* End XCVersionGroup section */
	};
	rootObject = C5ED5EA91E44AE4200577F08 /* Project object */;
}
